# THIS IS AN AUTOGENERATED FILE. DO NOT EDIT THIS FILE DIRECTLY.
# yarn lockfile v1


bpmn-js@^9.0.3:
  version "9.0.3"
  resolved "https://artifactory.gz.cvte.cn/artifactory/api/npm/cvte-npm-registry/bpmn-js/-/bpmn-js-9.0.3.tgz#6345cddd7704b10c1163b063a0d16a1c64e028d8"
  integrity sha1-Y0XN3XcEsQwRY7BjoNFqHGTgKNg=
  dependencies:
    bpmn-moddle "^7.1.2"
    css.escape "^1.5.1"
    diagram-js "^8.2.0"
    diagram-js-direct-editing "^1.6.3"
    ids "^1.0.0"
    inherits "^2.0.4"
    min-dash "^3.5.2"
    min-dom "^3.1.3"
    object-refs "^0.3.0"
    tiny-svg "^2.2.2"

bpmn-moddle@^7.1.2:
  version "7.1.2"
  resolved "https://artifactory.gz.cvte.cn/artifactory/api/npm/cvte-npm-registry/bpmn-moddle/-/bpmn-moddle-7.1.2.tgz#0a23046f67e43c5e37b9c9f6800de070f3e81df4"
  integrity sha1-CiMEb2fkPF43ucn2gA3gcPPoHfQ=
  dependencies:
    min-dash "^3.5.2"
    moddle "^5.0.2"
    moddle-xml "^9.0.5"

component-event@^0.1.4:
  version "0.1.4"
  resolved "https://artifactory.gz.cvte.cn/artifactory/api/npm/cvte-npm-registry/component-event/-/component-event-0.1.4.tgz#3de78fc28782381787e24bf2a7c536bf0142c9b4"
  integrity sha1-PeePwoeCOBeH4kvyp8U2vwFCybQ=

css.escape@^1.5.1:
  version "1.5.1"
  resolved "https://artifactory.gz.cvte.cn/artifactory/api/npm/cvte-npm-registry/css.escape/-/css.escape-1.5.1.tgz#42e27d4fa04ae32f931a4b4d4191fa9cddee97cb"
  integrity sha1-QuJ9T6BK4y+TGktNQZH6nN3ul8s=

diagram-js-direct-editing@^1.6.3:
  version "1.6.4"
  resolved "https://artifactory.gz.cvte.cn/artifactory/api/npm/cvte-npm-registry/diagram-js-direct-editing/-/diagram-js-direct-editing-1.6.4.tgz#afbef7ede3e0703cd694407c00ead388681fe4f4"
  integrity sha1-r7737ePgcDzWlEB8AOrTiGgf5PQ=
  dependencies:
    min-dash "^3.5.2"
    min-dom "^3.1.3"

diagram-js@^8.2.0:
  version "8.2.1"
  resolved "https://artifactory.gz.cvte.cn/artifactory/api/npm/cvte-npm-registry/diagram-js/-/diagram-js-8.2.1.tgz#ec9acbd5b5bbb3323ce5df424a2bbf830e3e1e3f"
  integrity sha1-7JrL1bW7szI85d9CSiu/gw4+Hj8=
  dependencies:
    css.escape "^1.5.1"
    didi "^5.2.1"
    hammerjs "^2.0.1"
    inherits "^2.0.4"
    min-dash "^3.5.2"
    min-dom "^3.1.3"
    object-refs "^0.3.0"
    path-intersection "^2.2.1"
    tiny-svg "^2.2.2"

didi@^5.2.1:
  version "5.2.1"
  resolved "https://artifactory.gz.cvte.cn/artifactory/api/npm/cvte-npm-registry/didi/-/didi-5.2.1.tgz#1a0b1336be8baa0b068a72036eedd9fb94135bff"
  integrity sha1-GgsTNr6LqgsGinIDbu3Z+5QTW/8=

domify@^1.3.1:
  version "1.4.1"
  resolved "https://artifactory.gz.cvte.cn/artifactory/api/npm/cvte-npm-registry/domify/-/domify-1.4.1.tgz#2e1e813019646715deeb8d3c5de4d3ef7bddd07e"
  integrity sha1-Lh6BMBlkZxXe6408XeTT73vd0H4=

hammerjs@^2.0.1:
  version "2.0.8"
  resolved "https://artifactory.gz.cvte.cn/artifactory/api/npm/cvte-npm-registry/hammerjs/hammerjs-2.0.8.tgz#04ef77862cff2bb79d30f7692095930222bf60f1"
  integrity sha1-BO93hiz/K7edMPdpIJWTAiK/YPE=

ids@^1.0.0:
  version "1.0.0"
  resolved "https://artifactory.gz.cvte.cn/artifactory/api/npm/cvte-npm-registry/ids/-/ids-1.0.0.tgz#df67f2d37b81d7c2effc87e03d17ebff95a58c05"
  integrity sha1-32fy03uB18Lv/IfgPRfr/5WljAU=

indexof@0.0.1:
  version "0.0.1"
  resolved "https://artifactory.gz.cvte.cn/artifactory/api/npm/cvte-npm-registry/indexof/indexof-0.0.1.tgz#82dc336d232b9062179d05ab3293a66059fd435d"
  integrity sha1-gtwzbSMrkGIXnQWrMpOmYFn9Q10=

inherits@^2.0.4:
  version "2.0.4"
  resolved "https://artifactory.gz.cvte.cn/artifactory/api/npm/cvte-npm-registry/inherits/inherits-2.0.4.tgz#0fa2c64f932917c3433a0ded55363aae37416b7c"
  integrity sha1-D6LGT5MpF8NDOg3tVTY6rjdBa3w=

matches-selector@^1.2.0:
  version "1.2.0"
  resolved "https://artifactory.gz.cvte.cn/artifactory/api/npm/cvte-npm-registry/matches-selector/-/matches-selector-1.2.0.tgz#d1814e7e8f43e69d22ac33c9af727dc884ecf12a"
  integrity sha1-0YFOfo9D5p0irDPJr3J9yITs8So=

min-dash@^3.0.0, min-dash@^3.5.2:
  version "3.8.1"
  resolved "https://artifactory.gz.cvte.cn/artifactory/api/npm/cvte-npm-registry/min-dash/-/min-dash-3.8.1.tgz#09a8bd8a041d65eec4732042cde9cb24a6e84b0d"
  integrity sha1-Cai9igQdZe7EcyBCzenLJKboSw0=

min-dom@^3.1.3:
  version "3.1.3"
  resolved "https://artifactory.gz.cvte.cn/artifactory/api/npm/cvte-npm-registry/min-dom/-/min-dom-3.1.3.tgz#6d3f4092439c80d13df52ac98d6a7d5fe92bfdbd"
  integrity sha1-bT9AkkOcgNE99SrJjWp9X+kr/b0=
  dependencies:
    component-event "^0.1.4"
    domify "^1.3.1"
    indexof "0.0.1"
    matches-selector "^1.2.0"

moddle-xml@^9.0.5:
  version "9.0.5"
  resolved "https://artifactory.gz.cvte.cn/artifactory/api/npm/cvte-npm-registry/moddle-xml/-/moddle-xml-9.0.5.tgz#01acc2450637c4bc9914b56c760b0a5cba5785a5"
  integrity sha1-AazCRQY3xLyZFLVsdgsKXLpXhaU=
  dependencies:
    min-dash "^3.5.2"
    moddle "^5.0.2"
    saxen "^8.1.2"

moddle@^5.0.2:
  version "5.0.3"
  resolved "https://artifactory.gz.cvte.cn/artifactory/api/npm/cvte-npm-registry/moddle/-/moddle-5.0.3.tgz#3687845da07e65e69e7c05260fe83a53f9c65e7d"
  integrity sha1-NoeEXaB+ZeaefAUmD+g6U/nGXn0=
  dependencies:
    min-dash "^3.0.0"

object-refs@^0.3.0:
  version "0.3.0"
  resolved "https://artifactory.gz.cvte.cn/artifactory/api/npm/cvte-npm-registry/object-refs/-/object-refs-0.3.0.tgz#934f4f0fb6b409e78be15fa60f616108aed63786"
  integrity sha1-k09PD7a0CeeL4V+mD2FhCK7WN4Y=

path-intersection@^2.2.1:
  version "2.2.1"
  resolved "https://artifactory.gz.cvte.cn/artifactory/api/npm/cvte-npm-registry/path-intersection/-/path-intersection-2.2.1.tgz#8476b75fefb7ac402f810d304e0eb0c080c11fe7"
  integrity sha1-hHa3X++3rEAvgQ0wTg6wwIDBH+c=

saxen@^8.1.2:
  version "8.1.2"
  resolved "https://artifactory.gz.cvte.cn/artifactory/api/npm/cvte-npm-registry/saxen/-/saxen-8.1.2.tgz#e677b32afe93667c9d939d3f3de02e09df108e54"
  integrity sha1-5nezKv6TZnydk50/PeAuCd8QjlQ=

tiny-svg@^2.2.2:
  version "2.2.3"
  resolved "https://artifactory.gz.cvte.cn/artifactory/api/npm/cvte-npm-registry/tiny-svg/-/tiny-svg-2.2.3.tgz#59fdb8ecf5ea5385861b2964cc3b55afae9e604c"
  integrity sha1-Wf247PXqU4WGGylkzDtVr66eYEw=
